
Microsoft Visual Studio Solution File, Format Version 12.00
# Visual Studio Version 17
VisualStudioVersion = 17.5.33530.505
MinimumVisualStudioVersion = 10.0.40219.1
Project("{FAE04EC0-301F-11D3-BF4B-00C04F79EFBC}") = "Presentacion", "Presentacion\Presentacion.csproj", "{6CAC3FF3-98DC-48D6-9E66-72EBA9D3C6E6}"
EndProject
Project("{FAE04EC0-301F-11D3-BF4B-00C04F79EFBC}") = "Logica", "Logica\Logica.csproj", "{7700F254-F5F2-47C1-AEDA-7A94827D33D9}"
EndProject
Project("{FAE04EC0-301F-11D3-BF4B-00C04F79EFBC}") = "Dominio", "Dominio\Dominio.csproj", "{EB57CCA6-98B7-4322-9C35-EB5F20337351}"
EndProject
Global
	GlobalSection(SolutionConfigurationPlatforms) = preSolution
		Debug|Any CPU = Debug|Any CPU
		Release|Any CPU = Release|Any CPU
	EndGlobalSection
	GlobalSection(ProjectConfigurationPlatforms) = postSolution
		{6CAC3FF3-98DC-48D6-9E66-72EBA9D3C6E6}.Debug|Any CPU.ActiveCfg = Debug|Any CPU
		{6CAC3FF3-98DC-48D6-9E66-72EBA9D3C6E6}.Debug|Any CPU.Build.0 = Debug|Any CPU
		{6CAC3FF3-98DC-48D6-9E66-72EBA9D3C6E6}.Release|Any CPU.ActiveCfg = Release|Any CPU
		{6CAC3FF3-98DC-48D6-9E66-72EBA9D3C6E6}.Release|Any CPU.Build.0 = Release|Any CPU
		{7700F254-F5F2-47C1-AEDA-7A94827D33D9}.Debug|Any CPU.ActiveCfg = Debug|Any CPU
		{7700F254-F5F2-47C1-AEDA-7A94827D33D9}.Debug|Any CPU.Build.0 = Debug|Any CPU
		{7700F254-F5F2-47C1-AEDA-7A94827D33D9}.Release|Any CPU.ActiveCfg = Release|Any CPU
		{7700F254-F5F2-47C1-AEDA-7A94827D33D9}.Release|Any CPU.Build.0 = Release|Any CPU
		{EB57CCA6-98B7-4322-9C35-EB5F20337351}.Debug|Any CPU.ActiveCfg = Debug|Any CPU
		{EB57CCA6-98B7-4322-9C35-EB5F20337351}.Debug|Any CPU.Build.0 = Debug|Any CPU
		{EB57CCA6-98B7-4322-9C35-EB5F20337351}.Release|Any CPU.ActiveCfg = Release|Any CPU
		{EB57CCA6-98B7-4322-9C35-EB5F20337351}.Release|Any CPU.Build.0 = Release|Any CPU
	EndGlobalSection
	GlobalSection(SolutionProperties) = preSolution
		HideSolutionNode = FALSE
	EndGlobalSection
	GlobalSection(ExtensibilityGlobals) = postSolution
		SolutionGuid = {149644E1-6FCF-4DBB-A42A-80886F947A80}
	EndGlobalSection
EndGlobal
